
Microsoft Visual Studio Solution File, Format Version 12.00
# Visual Studio Version 16
VisualStudioVersion = 16.0.33027.164
MinimumVisualStudioVersion = 10.0.40219.1
Project("{FAE04EC0-301F-11D3-BF4B-00C04F79EFBC}") = "ThreadGUI", "ThreadGUI.csproj", "{FFF58213-6770-473B-B19C-E33220968405}"
EndProject
Global
	GlobalSection(SolutionConfigurationPlatforms) = preSolution
		Debug|Any CPU = Debug|Any CPU
		Release|Any CPU = Release|Any CPU
	EndGlobalSection
	GlobalSection(ProjectConfigurationPlatforms) = postSolution
		{FFF58213-6770-473B-B19C-E33220968405}.Debug|Any CPU.ActiveCfg = Debug|Any CPU
		{FFF58213-6770-473B-B19C-E33220968405}.Debug|Any CPU.Build.0 = Debug|Any CPU
		{FFF58213-6770-473B-B19C-E33220968405}.Release|Any CPU.ActiveCfg = Release|Any CPU
		{FFF58213-6770-473B-B19C-E33220968405}.Release|Any CPU.Build.0 = Release|Any CPU
	EndGlobalSection
	GlobalSection(SolutionProperties) = preSolution
		HideSolutionNode = FALSE
	EndGlobalSection
	GlobalSection(ExtensibilityGlobals) = postSolution
		SolutionGuid = {F3883018-E88A-4617-A765-DB80BC7D1E54}
	EndGlobalSection
EndGlobal
