
Microsoft Visual Studio Solution File, Format Version 12.00
# Visual Studio Version 17
VisualStudioVersion = 17.4.33122.133
MinimumVisualStudioVersion = 10.0.40219.1
Project("{FAE04EC0-301F-11D3-BF4B-00C04F79EFBC}") = "WpfApp1", "WpfApp1\WpfApp1.csproj", "{5F805C77-75A9-47DC-AE66-3B312FEE1D67}"
EndProject
Global
	GlobalSection(SolutionConfigurationPlatforms) = preSolution
		Debug|Any CPU = Debug|Any CPU
		Release|Any CPU = Release|Any CPU
	EndGlobalSection
	GlobalSection(ProjectConfigurationPlatforms) = postSolution
		{5F805C77-75A9-47DC-AE66-3B312FEE1D67}.Debug|Any CPU.ActiveCfg = Debug|Any CPU
		{5F805C77-75A9-47DC-AE66-3B312FEE1D67}.Debug|Any CPU.Build.0 = Debug|Any CPU
		{5F805C77-75A9-47DC-AE66-3B312FEE1D67}.Release|Any CPU.ActiveCfg = Release|Any CPU
		{5F805C77-75A9-47DC-AE66-3B312FEE1D67}.Release|Any CPU.Build.0 = Release|Any CPU
	EndGlobalSection
	GlobalSection(SolutionProperties) = preSolution
		HideSolutionNode = FALSE
	EndGlobalSection
	GlobalSection(ExtensibilityGlobals) = postSolution
		SolutionGuid = {2A90C4E4-0DDD-461B-9C4E-581CFB922FC0}
	EndGlobalSection
EndGlobal
